[[package]]
name = "core"
source = "path+from-root-609CB3F8B1AC6FA4"

[[package]]
name = "multiasset-contract"
source = "member"
dependencies = [
    "standards git+https://github.com/FuelLabs/sway-standards?tag=v0.5.2#270350e69bd7455b7e99f0aae2e29a94d42324bd",
    "std",
    "sway_libs",
]

[[package]]
name = "standards"
source = "git+https://github.com/FuelLabs/sway-standards?tag=v0.4.3#6f63eb7dff2458a7d976184e565b5cbf26f61da2"
dependencies = ["std"]

[[package]]
name = "standards"
source = "git+https://github.com/FuelLabs/sway-standards?tag=v0.5.2#270350e69bd7455b7e99f0aae2e29a94d42324bd"
dependencies = ["std"]

[[package]]
name = "std"
source = "git+https://github.com/fuellabs/sway?tag=v0.61.1#d86bb863697550b76f9209894e7a4ed84d1a8f39"
dependencies = ["core"]

[[package]]
name = "sway_libs"
source = "git+https://github.com/FuelLabs/sway-libs?tag=v0.21.0#6a227ed34c86fe1ebd334dbdfeccf66c43e3915b"
dependencies = [
    "standards git+https://github.com/FuelLabs/sway-standards?tag=v0.4.3#6f63eb7dff2458a7d976184e565b5cbf26f61da2",
    "std",
]
